
Microsoft Visual Studio Solution File, Format Version 12.00
Project("{FAE04EC0-301F-11D3-BF4B-00C04F79EFBC}") = "BioGen.API", "BioGen.API\BioGen.API.csproj", "{DD73F809-F125-4821-8B24-1DF699257682}"
EndProject
Project("{2150E333-8FDC-42A3-9474-1A3956D46DE8}") = "BooGen.Domain", "BooGen.Domain", "{66CB3D4D-B827-448F-83E7-39C7ED3F08D6}"
EndProject
Project("{FAE04EC0-301F-11D3-BF4B-00C04F79EFBC}") = "BioGen.Domain", "BioGen.Domain\BioGen.Domain.csproj", "{F1BAD586-896D-4107-A047-8B3C437AF7CC}"
EndProject
Project("{2150E333-8FDC-42A3-9474-1A3956D46DE8}") = "Persistence", "Persistence", "{2752BA97-58C0-4EC9-870C-36237A1BF828}"
EndProject
Project("{FAE04EC0-301F-11D3-BF4B-00C04F79EFBC}") = "BioGen.Persistence", "BioGen.Persistence\BioGen.Persistence.csproj", "{C2C1BFC4-2227-4E54-B786-513AB0C6D894}"
EndProject
Project("{2150E333-8FDC-42A3-9474-1A3956D46DE8}") = "Application", "Application", "{7EB187A8-8F1F-4135-9847-82880D417605}"
EndProject
Project("{FAE04EC0-301F-11D3-BF4B-00C04F79EFBC}") = "BioGen.Application", "BioGen.Application\BioGen.Application.csproj", "{ACB358C8-C000-440C-AB0D-A117D423CA74}"
EndProject
Global
	GlobalSection(SolutionConfigurationPlatforms) = preSolution
		Debug|Any CPU = Debug|Any CPU
		Release|Any CPU = Release|Any CPU
	EndGlobalSection
	GlobalSection(ProjectConfigurationPlatforms) = postSolution
		{DD73F809-F125-4821-8B24-1DF699257682}.Debug|Any CPU.ActiveCfg = Debug|Any CPU
		{DD73F809-F125-4821-8B24-1DF699257682}.Debug|Any CPU.Build.0 = Debug|Any CPU
		{DD73F809-F125-4821-8B24-1DF699257682}.Release|Any CPU.ActiveCfg = Release|Any CPU
		{DD73F809-F125-4821-8B24-1DF699257682}.Release|Any CPU.Build.0 = Release|Any CPU
		{F1BAD586-896D-4107-A047-8B3C437AF7CC}.Debug|Any CPU.ActiveCfg = Debug|Any CPU
		{F1BAD586-896D-4107-A047-8B3C437AF7CC}.Debug|Any CPU.Build.0 = Debug|Any CPU
		{F1BAD586-896D-4107-A047-8B3C437AF7CC}.Release|Any CPU.ActiveCfg = Release|Any CPU
		{F1BAD586-896D-4107-A047-8B3C437AF7CC}.Release|Any CPU.Build.0 = Release|Any CPU
		{C2C1BFC4-2227-4E54-B786-513AB0C6D894}.Debug|Any CPU.ActiveCfg = Debug|Any CPU
		{C2C1BFC4-2227-4E54-B786-513AB0C6D894}.Debug|Any CPU.Build.0 = Debug|Any CPU
		{C2C1BFC4-2227-4E54-B786-513AB0C6D894}.Release|Any CPU.ActiveCfg = Release|Any CPU
		{C2C1BFC4-2227-4E54-B786-513AB0C6D894}.Release|Any CPU.Build.0 = Release|Any CPU
		{ACB358C8-C000-440C-AB0D-A117D423CA74}.Debug|Any CPU.ActiveCfg = Debug|Any CPU
		{ACB358C8-C000-440C-AB0D-A117D423CA74}.Debug|Any CPU.Build.0 = Debug|Any CPU
		{ACB358C8-C000-440C-AB0D-A117D423CA74}.Release|Any CPU.ActiveCfg = Release|Any CPU
		{ACB358C8-C000-440C-AB0D-A117D423CA74}.Release|Any CPU.Build.0 = Release|Any CPU
	EndGlobalSection
	GlobalSection(NestedProjects) = preSolution
		{F1BAD586-896D-4107-A047-8B3C437AF7CC} = {66CB3D4D-B827-448F-83E7-39C7ED3F08D6}
		{C2C1BFC4-2227-4E54-B786-513AB0C6D894} = {2752BA97-58C0-4EC9-870C-36237A1BF828}
		{ACB358C8-C000-440C-AB0D-A117D423CA74} = {7EB187A8-8F1F-4135-9847-82880D417605}
	EndGlobalSection
EndGlobal
